// !$*UTF8*$!
{
	archiveVersion = 1;
	classes = {
	};
	objectVersion = 50;
	objects = {

/* Begin PBXBuildFile section */
		3A73619E212C40D300A06659 /* AppDelegate.swift in Sources */ = {isa = PBXBuildFile; fileRef = 3A73619D212C40D300A06659 /* AppDelegate.swift */; };
		3A7361A0212C40D300A06659 /* toDoListViewController.swift in Sources */ = {isa = PBXBuildFile; fileRef = 3A73619F212C40D300A06659 /* toDoListViewController.swift */; };
		3A7361A3212C40D300A06659 /* Main.storyboard in Resources */ = {isa = PBXBuildFile; fileRef = 3A7361A1212C40D300A06659 /* Main.storyboard */; };
		3A7361A5212C40D500A06659 /* Assets.xcassets in Resources */ = {isa = PBXBuildFile; fileRef = 3A7361A4212C40D500A06659 /* Assets.xcassets */; };
		3A7361A8212C40D500A06659 /* LaunchScreen.storyboard in Resources */ = {isa = PBXBuildFile; fileRef = 3A7361A6212C40D500A06659 /* LaunchScreen.storyboard */; };
		3A7361DA212F087000A06659 /* CategoryViewController.swift in Sources */ = {isa = PBXBuildFile; fileRef = 3A7361D9212F087000A06659 /* CategoryViewController.swift */; };
		3A7361DE212F1FA200A06659 /* Item.swift in Sources */ = {isa = PBXBuildFile; fileRef = 3A7361DD212F1FA200A06659 /* Item.swift */; };
		3A7361E0212F1FA900A06659 /* Category.swift in Sources */ = {isa = PBXBuildFile; fileRef = 3A7361DF212F1FA900A06659 /* Category.swift */; };
		C6115EBA4E2F9574F47FCA0B /* Pods_Todoey.framework in Frameworks */ = {isa = PBXBuildFile; fileRef = 2BE9F2D8C21859ECD984B832 /* Pods_Todoey.framework */; };
/* End PBXBuildFile section */

/* Begin PBXFileReference section */
		20437C4F1C476C58E8545945 /* Pods-Todoey.debug.xcconfig */ = {isa = PBXFileReference; includeInIndex = 1; lastKnownFileType = text.xcconfig; name = "Pods-Todoey.debug.xcconfig"; path = "Pods/Target Support Files/Pods-Todoey/Pods-Todoey.debug.xcconfig"; sourceTree = "<group>"; };
		2BE9F2D8C21859ECD984B832 /* Pods_Todoey.framework */ = {isa = PBXFileReference; explicitFileType = wrapper.framework; includeInIndex = 0; path = Pods_Todoey.framework; sourceTree = BUILT_PRODUCTS_DIR; };
		3A73619A212C40D300A06659 /* Todoey.app */ = {isa = PBXFileReference; explicitFileType = wrapper.application; includeInIndex = 0; path = Todoey.app; sourceTree = BUILT_PRODUCTS_DIR; };
		3A73619D212C40D300A06659 /* AppDelegate.swift */ = {isa = PBXFileReference; lastKnownFileType = sourcecode.swift; path = AppDelegate.swift; sourceTree = "<group>"; };
		3A73619F212C40D300A06659 /* toDoListViewController.swift */ = {isa = PBXFileReference; lastKnownFileType = sourcecode.swift; path = toDoListViewController.swift; sourceTree = "<group>"; };
		3A7361A2212C40D300A06659 /* Base */ = {isa = PBXFileReference; lastKnownFileType = file.storyboard; name = Base; path = Base.lproj/Main.storyboard; sourceTree = "<group>"; };
		3A7361A4212C40D500A06659 /* Assets.xcassets */ = {isa = PBXFileReference; lastKnownFileType = folder.assetcatalog; path = Assets.xcassets; sourceTree = "<group>"; };
		3A7361A7212C40D500A06659 /* Base */ = {isa = PBXFileReference; lastKnownFileType = file.storyboard; name = Base; path = Base.lproj/LaunchScreen.storyboard; sourceTree = "<group>"; };
		3A7361A9212C40D500A06659 /* Info.plist */ = {isa = PBXFileReference; lastKnownFileType = text.plist.xml; path = Info.plist; sourceTree = "<group>"; };
		3A7361D9212F087000A06659 /* CategoryViewController.swift */ = {isa = PBXFileReference; lastKnownFileType = sourcecode.swift; path = CategoryViewController.swift; sourceTree = "<group>"; };
		3A7361DD212F1FA200A06659 /* Item.swift */ = {isa = PBXFileReference; lastKnownFileType = sourcecode.swift; path = Item.swift; sourceTree = "<group>"; };
		3A7361DF212F1FA900A06659 /* Category.swift */ = {isa = PBXFileReference; lastKnownFileType = sourcecode.swift; path = Category.swift; sourceTree = "<group>"; };
		9811A640E9DF1070D2A2D1DB /* Pods-Todoey.release.xcconfig */ = {isa = PBXFileReference; includeInIndex = 1; lastKnownFileType = text.xcconfig; name = "Pods-Todoey.release.xcconfig"; path = "Pods/Target Support Files/Pods-Todoey/Pods-Todoey.release.xcconfig"; sourceTree = "<group>"; };
/* End PBXFileReference section */

/* Begin PBXFrameworksBuildPhase section */
		3A736197212C40D300A06659 /* Frameworks */ = {
			isa = PBXFrameworksBuildPhase;
			buildActionMask = 2147483647;
			files = (
				C6115EBA4E2F9574F47FCA0B /* Pods_Todoey.framework in Frameworks */,
			);
			runOnlyForDeploymentPostprocessing = 0;
		};
/* End PBXFrameworksBuildPhase section */

/* Begin PBXGroup section */
		3A736191212C40D300A06659 = {
			isa = PBXGroup;
			children = (
				3A73619C212C40D300A06659 /* Todoey */,
				3A73619B212C40D300A06659 /* Products */,
				4953614C84305788705AA110 /* Pods */,
				5BB1CB1EB736222C8502C482 /* Frameworks */,
			);
			sourceTree = "<group>";
		};
		3A73619B212C40D300A06659 /* Products */ = {
			isa = PBXGroup;
			children = (
				3A73619A212C40D300A06659 /* Todoey.app */,
			);
			name = Products;
			sourceTree = "<group>";
		};
		3A73619C212C40D300A06659 /* Todoey */ = {
			isa = PBXGroup;
			children = (
				3A73619D212C40D300A06659 /* AppDelegate.swift */,
				3A7361B2212CA4C800A06659 /* Controllers */,
				3A7361B1212CA4B800A06659 /* Data Model */,
				3A7361B3212CA4D200A06659 /* View */,
				3A7361B4212CA4D900A06659 /* Supporting Files */,
				3A7361A9212C40D500A06659 /* Info.plist */,
			);
			path = Todoey;
			sourceTree = "<group>";
		};
		3A7361B1212CA4B800A06659 /* Data Model */ = {
			isa = PBXGroup;
			children = (
				3A7361DF212F1FA900A06659 /* Category.swift */,
				3A7361DD212F1FA200A06659 /* Item.swift */,
			);
			path = "Data Model";
			sourceTree = "<group>";
		};
		3A7361B2212CA4C800A06659 /* Controllers */ = {
			isa = PBXGroup;
			children = (
				3A7361D9212F087000A06659 /* CategoryViewController.swift */,
				3A73619F212C40D300A06659 /* toDoListViewController.swift */,
			);
			path = Controllers;
			sourceTree = "<group>";
		};
		3A7361B3212CA4D200A06659 /* View */ = {
			isa = PBXGroup;
			children = (
				3A7361A1212C40D300A06659 /* Main.storyboard */,
			);
			path = View;
			sourceTree = "<group>";
		};
		3A7361B4212CA4D900A06659 /* Supporting Files */ = {
			isa = PBXGroup;
			children = (
				3A7361A4212C40D500A06659 /* Assets.xcassets */,
				3A7361A6212C40D500A06659 /* LaunchScreen.storyboard */,
			);
			path = "Supporting Files";
			sourceTree = "<group>";
		};
		4953614C84305788705AA110 /* Pods */ = {
			isa = PBXGroup;
			children = (
				20437C4F1C476C58E8545945 /* Pods-Todoey.debug.xcconfig */,
				9811A640E9DF1070D2A2D1DB /* Pods-Todoey.release.xcconfig */,
			);
			name = Pods;
			sourceTree = "<group>";
		};
		5BB1CB1EB736222C8502C482 /* Frameworks */ = {
			isa = PBXGroup;
			children = (
				2BE9F2D8C21859ECD984B832 /* Pods_Todoey.framework */,
			);
			name = Frameworks;
			sourceTree = "<group>";
		};
/* End PBXGroup section */

/* Begin PBXNativeTarget section */
		3A736199212C40D300A06659 /* Todoey */ = {
			isa = PBXNativeTarget;
			buildConfigurationList = 3A7361AC212C40D500A06659 /* Build configuration list for PBXNativeTarget "Todoey" */;
			buildPhases = (
				421402DFFA361A263E191FD1 /* [CP] Check Pods Manifest.lock */,
				3A736196212C40D300A06659 /* Sources */,
				3A736197212C40D300A06659 /* Frameworks */,
				3A736198212C40D300A06659 /* Resources */,
				BA7FA061961090BCD445505E /* [CP] Embed Pods Frameworks */,
			);
			buildRules = (
			);
			dependencies = (
			);
			name = Todoey;
			productName = Todoey;
			productReference = 3A73619A212C40D300A06659 /* Todoey.app */;
			productType = "com.apple.product-type.application";
		};
/* End PBXNativeTarget section */

/* Begin PBXProject section */
		3A736192212C40D300A06659 /* Project object */ = {
			isa = PBXProject;
			attributes = {
				LastSwiftUpdateCheck = 0940;
				LastUpgradeCheck = 0940;
				ORGANIZATIONNAME = "Valeria Mokrenko";
				TargetAttributes = {
					3A736199212C40D300A06659 = {
						CreatedOnToolsVersion = 9.4.1;
					};
				};
			};
			buildConfigurationList = 3A736195212C40D300A06659 /* Build configuration list for PBXProject "Todoey" */;
			compatibilityVersion = "Xcode 9.3";
			developmentRegion = en;
			hasScannedForEncodings = 0;
			knownRegions = (
				en,
				Base,
			);
			mainGroup = 3A736191212C40D300A06659;
			productRefGroup = 3A73619B212C40D300A06659 /* Products */;
			projectDirPath = "";
			projectRoot = "";
			targets = (
				3A736199212C40D300A06659 /* Todoey */,
			);
		};
/* End PBXProject section */

/* Begin PBXResourcesBuildPhase section */
		3A736198212C40D300A06659 /* Resources */ = {
			isa = PBXResourcesBuildPhase;
			buildActionMask = 2147483647;
			files = (
				3A7361A8212C40D500A06659 /* LaunchScreen.storyboard in Resources */,
				3A7361A5212C40D500A06659 /* Assets.xcassets in Resources */,
				3A7361A3212C40D300A06659 /* Main.storyboard in Resources */,
			);
			runOnlyForDeploymentPostprocessing = 0;
		};
/* End PBXResourcesBuildPhase section */

/* Begin PBXShellScriptBuildPhase section */
		421402DFFA361A263E191FD1 /* [CP] Check Pods Manifest.lock */ = {
			isa = PBXShellScriptBuildPhase;
			buildActionMask = 2147483647;
			files = (
			);
			inputPaths = (
				"${PODS_PODFILE_DIR_PATH}/Podfile.lock",
				"${PODS_ROOT}/Manifest.lock",
			);
			name = "[CP] Check Pods Manifest.lock";
			outputPaths = (
				"$(DERIVED_FILE_DIR)/Pods-Todoey-checkManifestLockResult.txt",
			);
			runOnlyForDeploymentPostprocessing = 0;
			shellPath = /bin/sh;
			shellScript = "diff \"${PODS_PODFILE_DIR_PATH}/Podfile.lock\" \"${PODS_ROOT}/Manifest.lock\" > /dev/null\nif [ $? != 0 ] ; then\n    # print error to STDERR\n    echo \"error: The sandbox is not in sync with the Podfile.lock. Run 'pod install' or update your CocoaPods installation.\" >&2\n    exit 1\nfi\n# This output is used by Xcode 'outputs' to avoid re-running this script phase.\necho \"SUCCESS\" > \"${SCRIPT_OUTPUT_FILE_0}\"\n";
			showEnvVarsInLog = 0;
		};
		BA7FA061961090BCD445505E /* [CP] Embed Pods Frameworks */ = {
			isa = PBXShellScriptBuildPhase;
			buildActionMask = 2147483647;
			files = (
			);
			inputPaths = (
				"${SRCROOT}/Pods/Target Support Files/Pods-Todoey/Pods-Todoey-frameworks.sh",
				"${BUILT_PRODUCTS_DIR}/Realm/Realm.framework",
				"${BUILT_PRODUCTS_DIR}/RealmSwift/RealmSwift.framework",
			);
			name = "[CP] Embed Pods Frameworks";
			outputPaths = (
				"${TARGET_BUILD_DIR}/${FRAMEWORKS_FOLDER_PATH}/Realm.framework",
				"${TARGET_BUILD_DIR}/${FRAMEWORKS_FOLDER_PATH}/RealmSwift.framework",
			);
			runOnlyForDeploymentPostprocessing = 0;
			shellPath = /bin/sh;
			shellScript = "\"${SRCROOT}/Pods/Target Support Files/Pods-Todoey/Pods-Todoey-frameworks.sh\"\n";
			showEnvVarsInLog = 0;
		};
/* End PBXShellScriptBuildPhase section */

/* Begin PBXSourcesBuildPhase section */
		3A736196212C40D300A06659 /* Sources */ = {
			isa = PBXSourcesBuildPhase;
			buildActionMask = 2147483647;
			files = (
				3A7361DE212F1FA200A06659 /* Item.swift in Sources */,
				3A7361DA212F087000A06659 /* CategoryViewController.swift in Sources */,
				3A7361A0212C40D300A06659 /* toDoListViewController.swift in Sources */,
				3A73619E212C40D300A06659 /* AppDelegate.swift in Sources */,
				3A7361E0212F1FA900A06659 /* Category.swift in Sources */,
			);
			runOnlyForDeploymentPostprocessing = 0;
		};
/* End PBXSourcesBuildPhase section */

/* Begin PBXVariantGroup section */
		3A7361A1212C40D300A06659 /* Main.storyboard */ = {
			isa = PBXVariantGroup;
			children = (
				3A7361A2212C40D300A06659 /* Base */,
			);
			name = Main.storyboard;
			sourceTree = "<group>";
		};
		3A7361A6212C40D500A06659 /* LaunchScreen.storyboard */ = {
			isa = PBXVariantGroup;
			children = (
				3A7361A7212C40D500A06659 /* Base */,
			);
			name = LaunchScreen.storyboard;
			sourceTree = "<group>";
		};
/* End PBXVariantGroup section */

/* Begin XCBuildConfiguration section */
		3A7361AA212C40D500A06659 /* Debug */ = {
			isa = XCBuildConfiguration;
			buildSettings = {
				ALWAYS_SEARCH_USER_PATHS = NO;
				CLANG_ANALYZER_NONNULL = YES;
				CLANG_ANALYZER_NUMBER_OBJECT_CONVERSION = YES_AGGRESSIVE;
				CLANG_CXX_LANGUAGE_STANDARD = "gnu++14";
				CLANG_CXX_LIBRARY = "libc++";
				CLANG_ENABLE_MODULES = YES;
				CLANG_ENABLE_OBJC_ARC = YES;
				CLANG_ENABLE_OBJC_WEAK = YES;
				CLANG_WARN_BLOCK_CAPTURE_AUTORELEASING = YES;
				CLANG_WARN_BOOL_CONVERSION = YES;
				CLANG_WARN_COMMA = YES;
				CLANG_WARN_CONSTANT_CONVERSION = YES;
				CLANG_WARN_DEPRECATED_OBJC_IMPLEMENTATIONS = YES;
				CLANG_WARN_DIRECT_OBJC_ISA_USAGE = YES_ERROR;
				CLANG_WARN_DOCUMENTATION_COMMENTS = YES;
				CLANG_WARN_EMPTY_BODY = YES;
				CLANG_WARN_ENUM_CONVERSION = YES;
				CLANG_WARN_INFINITE_RECURSION = YES;
				CLANG_WARN_INT_CONVERSION = YES;
				CLANG_WARN_NON_LITERAL_NULL_CONVERSION = YES;
				CLANG_WARN_OBJC_IMPLICIT_RETAIN_SELF = YES;
				CLANG_WARN_OBJC_LITERAL_CONVERSION = YES;
				CLANG_WARN_OBJC_ROOT_CLASS = YES_ERROR;
				CLANG_WARN_RANGE_LOOP_ANALYSIS = YES;
				CLANG_WARN_STRICT_PROTOTYPES = YES;
				CLANG_WARN_SUSPICIOUS_MOVE = YES;
				CLANG_WARN_UNGUARDED_AVAILABILITY = YES_AGGRESSIVE;
				CLANG_WARN_UNREACHABLE_CODE = YES;
				CLANG_WARN__DUPLICATE_METHOD_MATCH = YES;
				CODE_SIGN_IDENTITY = "iPhone Developer";
				COPY_PHASE_STRIP = NO;
				DEBUG_INFORMATION_FORMAT = dwarf;
				ENABLE_STRICT_OBJC_MSGSEND = YES;
				ENABLE_TESTABILITY = YES;
				GCC_C_LANGUAGE_STANDARD = gnu11;
				GCC_DYNAMIC_NO_PIC = NO;
				GCC_NO_COMMON_BLOCKS = YES;
				GCC_OPTIMIZATION_LEVEL = 0;
				GCC_PREPROCESSOR_DEFINITIONS = (
					"DEBUG=1",
					"$(inherited)",
				);
				GCC_WARN_64_TO_32_BIT_CONVERSION = YES;
				GCC_WARN_ABOUT_RETURN_TYPE = YES_ERROR;
				GCC_WARN_UNDECLARED_SELECTOR = YES;
				GCC_WARN_UNINITIALIZED_AUTOS = YES_AGGRESSIVE;
				GCC_WARN_UNUSED_FUNCTION = YES;
				GCC_WARN_UNUSED_VARIABLE = YES;
				IPHONEOS_DEPLOYMENT_TARGET = 11.4;
				MTL_ENABLE_DEBUG_INFO = YES;
				ONLY_ACTIVE_ARCH = YES;
				SDKROOT = iphoneos;
				SWIFT_ACTIVE_COMPILATION_CONDITIONS = DEBUG;
				SWIFT_OPTIMIZATION_LEVEL = "-Onone";
			};
			name = Debug;
		};
		3A7361AB212C40D500A06659 /* Release */ = {
			isa = XCBuildConfiguration;
			buildSettings = {
				ALWAYS_SEARCH_USER_PATHS = NO;
				CLANG_ANALYZER_NONNULL = YES;
				CLANG_ANALYZER_NUMBER_OBJECT_CONVERSION = YES_AGGRESSIVE;
				CLANG_CXX_LANGUAGE_STANDARD = "gnu++14";
				CLANG_CXX_LIBRARY = "libc++";
				CLANG_ENABLE_MODULES = YES;
				CLANG_ENABLE_OBJC_ARC = YES;
				CLANG_ENABLE_OBJC_WEAK = YES;
				CLANG_WARN_BLOCK_CAPTURE_AUTORELEASING = YES;
				CLANG_WARN_BOOL_CONVERSION = YES;
				CLANG_WARN_COMMA = YES;
				CLANG_WARN_CONSTANT_CONVERSION = YES;
				CLANG_WARN_DEPRECATED_OBJC_IMPLEMENTATIONS = YES;
				CLANG_WARN_DIRECT_OBJC_ISA_USAGE = YES_ERROR;
				CLANG_WARN_DOCUMENTATION_COMMENTS = YES;
				CLANG_WARN_EMPTY_BODY = YES;
				CLANG_WARN_ENUM_CONVERSION = YES;
				CLANG_WARN_INFINITE_RECURSION = YES;
				CLANG_WARN_INT_CONVERSION = YES;
				CLANG_WARN_NON_LITERAL_NULL_CONVERSION = YES;
				CLANG_WARN_OBJC_IMPLICIT_RETAIN_SELF = YES;
				CLANG_WARN_OBJC_LITERAL_CONVERSION = YES;
				CLANG_WARN_OBJC_ROOT_CLASS = YES_ERROR;
				CLANG_WARN_RANGE_LOOP_ANALYSIS = YES;
				CLANG_WARN_STRICT_PROTOTYPES = YES;
				CLANG_WARN_SUSPICIOUS_MOVE = YES;
				CLANG_WARN_UNGUARDED_AVAILABILITY = YES_AGGRESSIVE;
				CLANG_WARN_UNREACHABLE_CODE = YES;
				CLANG_WARN__DUPLICATE_METHOD_MATCH = YES;
				CODE_SIGN_IDENTITY = "iPhone Developer";
				COPY_PHASE_STRIP = NO;
				DEBUG_INFORMATION_FORMAT = "dwarf-with-dsym";
				ENABLE_NS_ASSERTIONS = NO;
				ENABLE_STRICT_OBJC_MSGSEND = YES;
				GCC_C_LANGUAGE_STANDARD = gnu11;
				GCC_NO_COMMON_BLOCKS = YES;
				GCC_WARN_64_TO_32_BIT_CONVERSION = YES;
				GCC_WARN_ABOUT_RETURN_TYPE = YES_ERROR;
				GCC_WARN_UNDECLARED_SELECTOR = YES;
				GCC_WARN_UNINITIALIZED_AUTOS = YES_AGGRESSIVE;
				GCC_WARN_UNUSED_FUNCTION = YES;
				GCC_WARN_UNUSED_VARIABLE = YES;
				IPHONEOS_DEPLOYMENT_TARGET = 11.4;
				MTL_ENABLE_DEBUG_INFO = NO;
				SDKROOT = iphoneos;
				SWIFT_COMPILATION_MODE = wholemodule;
				SWIFT_OPTIMIZATION_LEVEL = "-O";
				VALIDATE_PRODUCT = YES;
			};
			name = Release;
		};
		3A7361AD212C40D500A06659 /* Debug */ = {
			isa = XCBuildConfiguration;
			baseConfigurationReference = 20437C4F1C476C58E8545945 /* Pods-Todoey.debug.xcconfig */;
			buildSettings = {
				ASSETCATALOG_COMPILER_APPICON_NAME = AppIcon;
				CODE_SIGN_STYLE = Automatic;
				INFOPLIST_FILE = Todoey/Info.plist;
				LD_RUNPATH_SEARCH_PATHS = (
					"$(inherited)",
					"@executable_path/Frameworks",
				);
				PRODUCT_BUNDLE_IDENTIFIER = com.valeriamokrenko.Todoey;
				PRODUCT_NAME = "$(TARGET_NAME)";
				SWIFT_VERSION = 4.0;
				TARGETED_DEVICE_FAMILY = "1,2";
			};
			name = Debug;
		};
		3A7361AE212C40D500A06659 /* Release */ = {
			isa = XCBuildConfiguration;
			baseConfigurationReference = 9811A640E9DF1070D2A2D1DB /* Pods-Todoey.release.xcconfig */;
			buildSettings = {
				ASSETCATALOG_COMPILER_APPICON_NAME = AppIcon;
				CODE_SIGN_STYLE = Automatic;
				INFOPLIST_FILE = Todoey/Info.plist;
				LD_RUNPATH_SEARCH_PATHS = (
					"$(inherited)",
					"@executable_path/Frameworks",
				);
				PRODUCT_BUNDLE_IDENTIFIER = com.valeriamokrenko.Todoey;
				PRODUCT_NAME = "$(TARGET_NAME)";
				SWIFT_VERSION = 4.0;
				TARGETED_DEVICE_FAMILY = "1,2";
			};
			name = Release;
		};
/* End XCBuildConfiguration section */

/* Begin XCConfigurationList section */
		3A736195212C40D300A06659 /* Build configuration list for PBXProject "Todoey" */ = {
			isa = XCConfigurationList;
			buildConfigurations = (
				3A7361AA212C40D500A06659 /* Debug */,
				3A7361AB212C40D500A06659 /* Release */,
			);
			defaultConfigurationIsVisible = 0;
			defaultConfigurationName = Release;
		};
		3A7361AC212C40D500A06659 /* Build configuration list for PBXNativeTarget "Todoey" */ = {
			isa = XCConfigurationList;
			buildConfigurations = (
				3A7361AD212C40D500A06659 /* Debug */,
				3A7361AE212C40D500A06659 /* Release */,
			);
			defaultConfigurationIsVisible = 0;
			defaultConfigurationName = Release;
		};
/* End XCConfigurationList section */
	};
	rootObject = 3A736192212C40D300A06659 /* Project object */;
}
